// !$*UTF8*$!
{
	archiveVersion = 1;
	classes = {
	};
	objectVersion = 46;
	objects = {

/* Begin PBXBuildFile section */
		00D648DFAF8242288A518F17 /* NativeStorage.m in Sources */ = {isa = PBXBuildFile; fileRef = 0FC81C9BF8BA49A8B37967B1 /* NativeStorage.m */; };
		0207DA581B56EA530066E2B4 /* Images.xcassets in Resources */ = {isa = PBXBuildFile; fileRef = 0207DA571B56EA530066E2B4 /* Images.xcassets */; };
		0257A893436C456C9546009C /* FacebookConnectPlugin.m in Sources */ = {isa = PBXBuildFile; fileRef = 978DC46441704D39978B64B4 /* FacebookConnectPlugin.m */; };
		1D3623260D0F684500981E51 /* AppDelegate.m in Sources */ = {isa = PBXBuildFile; fileRef = 1D3623250D0F684500981E51 /* AppDelegate.m */; };
		1D60589B0D05DD56006BFB54 /* main.m in Sources */ = {isa = PBXBuildFile; fileRef = 29B97316FDCFA39411CA2CEA /* main.m */; };
		205CB1A4319D4C0A8EEBCAB8 /* FBSDKLoginKit.framework in Frameworks */ = {isa = PBXBuildFile; fileRef = FA9EA6F7ABFD44F3B40EBCFB /* FBSDKLoginKit.framework */; };
		2F0BA6F6E4B5415EBE5FFCFD /* Sms.m in Sources */ = {isa = PBXBuildFile; fileRef = ADFEE236FAC248C9B06DBEA4 /* Sms.m */; };
		301BF552109A68D80062928A /* libCordova.a in Frameworks */ = {isa = PBXBuildFile; fileRef = 301BF535109A57CC0062928A /* libCordova.a */; };
		302D95F114D2391D003F00A1 /* MainViewController.m in Sources */ = {isa = PBXBuildFile; fileRef = 302D95EF14D2391D003F00A1 /* MainViewController.m */; };
		302D95F214D2391D003F00A1 /* MainViewController.xib in Resources */ = {isa = PBXBuildFile; fileRef = 302D95F014D2391D003F00A1 /* MainViewController.xib */; };
		3AC1D1EAA96A4899A2D1B9B2 /* GoogleService-Info.plist in Resources */ = {isa = PBXBuildFile; fileRef = 067A496FDA374BFE9BC5611A /* GoogleService-Info.plist */; };
		4799E1D10B714823B192540C /* GoogleIPhoneUtilities.framework in Frameworks */ = {isa = PBXBuildFile; fileRef = 31C16A5CD2804B8186DC43B8 /* GoogleIPhoneUtilities.framework */; };
		49EB645D93EE48939C7DED3D /* FBSDKCoreKit.framework in Frameworks */ = {isa = PBXBuildFile; fileRef = AE56731875044A8587D1B850 /* FBSDKCoreKit.framework */; };
		4BADE34D4EF047E8A51DCA67 /* GoogleSymbolUtilities.framework in Frameworks */ = {isa = PBXBuildFile; fileRef = 60252501783941C98874D0D7 /* GoogleSymbolUtilities.framework */; };
		527F95F367994CF38CC36E1B /* AppDelegate+FirebasePlugin.m in Sources */ = {isa = PBXBuildFile; fileRef = 93622BC240F74DF096CAF173 /* AppDelegate+FirebasePlugin.m */; };
		80FD83190C8B4DACBF7CBE06 /* CDVViewController+SplashScreen.m in Sources */ = {isa = PBXBuildFile; fileRef = E0AE13DDB2BE44B9A95C9FE8 /* CDVViewController+SplashScreen.m */; };
		87512DA02B7E4E7BBBAF59D1 /* FirebaseInstanceID.framework in Frameworks */ = {isa = PBXBuildFile; fileRef = 337D9E39D8B548E5A3615789 /* FirebaseInstanceID.framework */; };
		8BF3AFD1DCE442A58F54CBA0 /* GoogleInterchangeUtilities.framework in Frameworks */ = {isa = PBXBuildFile; fileRef = BD358572FE8849EA999087AE /* GoogleInterchangeUtilities.framework */; };
		8E60EAA169EA45C2AE871D74 /* FirebaseMessaging.framework in Frameworks */ = {isa = PBXBuildFile; fileRef = 6301F0A390E44EC9967ED304 /* FirebaseMessaging.framework */; };
		98DCED74F42C4AC1BFB95BFF /* FBSDKShareKit.framework in Frameworks */ = {isa = PBXBuildFile; fileRef = ABCDB63B24264FC68A040E7C /* FBSDKShareKit.framework */; };
		A4A2F06C437B4E1FBED3495D /* CDVStatusBar.m in Sources */ = {isa = PBXBuildFile; fileRef = 92D1F1EF5B8D440F9D544B00 /* CDVStatusBar.m */; };
		A769893D51214286AE411A23 /* IonicKeyboard.m in Sources */ = {isa = PBXBuildFile; fileRef = C95609A44E9140148AFAB475 /* IonicKeyboard.m */; };
		AFC914F9A29249EBA530F44F /* Bolts.framework in Frameworks */ = {isa = PBXBuildFile; fileRef = 3AC64DBBC7364651A2997275 /* Bolts.framework */; };
		B27B07FF7A164E74AFA468CF /* FirebasePlugin.m in Sources */ = {isa = PBXBuildFile; fileRef = 46E90F04FE3F493E80429494 /* FirebasePlugin.m */; };
		C324C62890F041F29C3494C0 /* FirebaseRemoteConfig.framework in Frameworks */ = {isa = PBXBuildFile; fileRef = B1A21FB8FF044C198EEAB6E3 /* FirebaseRemoteConfig.framework */; };
		CC4CDB8C3DB5465192B2F98B /* CDVLogger.m in Sources */ = {isa = PBXBuildFile; fileRef = AC4802D8112D411CB3B3499A /* CDVLogger.m */; };
		D2981DE8F6A74D4294EB14C6 /* FirebaseAnalytics.framework in Frameworks */ = {isa = PBXBuildFile; fileRef = DCA7DA22B006463DA5C91D92 /* FirebaseAnalytics.framework */; };
		E0D8C9A936734F42ABFDA79A /* CDVSplashScreen.m in Sources */ = {isa = PBXBuildFile; fileRef = 704E1936D3F84326AEE74AD7 /* CDVSplashScreen.m */; };
		E36CC6A68E21447D98872210 /* MessageUI.framework in Frameworks */ = {isa = PBXBuildFile; fileRef = E4B72AD6C6E448129301357F /* MessageUI.framework */; };
		E597F81170284946AA99AB7C /* FirebaseCore.framework in Frameworks */ = {isa = PBXBuildFile; fileRef = FD2872432F61485A9E5BF35E /* FirebaseCore.framework */; };
		E8BFCF5077A04AC48D24A4CC /* FirebaseCrash.framework in Frameworks */ = {isa = PBXBuildFile; fileRef = A54E8946AD8F44B58DB9BE0D /* FirebaseCrash.framework */; };
		E8DE82779612486CB1E97D88 /* CDVDevice.m in Sources */ = {isa = PBXBuildFile; fileRef = 214FBA553F3C4FF7AABEE529 /* CDVDevice.m */; };
		F62AF8E4AEBA4CB88274A8CE /* GoogleUtilities.framework in Frameworks */ = {isa = PBXBuildFile; fileRef = 010A79D6196F4F06841E34B5 /* GoogleUtilities.framework */; };
/* End PBXBuildFile section */

/* Begin PBXContainerItemProxy section */
		301BF534109A57CC0062928A /* PBXContainerItemProxy */ = {
			isa = PBXContainerItemProxy;
			containerPortal = 301BF52D109A57CC0062928A /* CordovaLib.xcodeproj */;
			proxyType = 2;
			remoteGlobalIDString = D2AAC07E0554694100DB518D;
			remoteInfo = CordovaLib;
		};
		301BF550109A68C00062928A /* PBXContainerItemProxy */ = {
			isa = PBXContainerItemProxy;
			containerPortal = 301BF52D109A57CC0062928A /* CordovaLib.xcodeproj */;
			proxyType = 1;
			remoteGlobalIDString = D2AAC07D0554694100DB518D;
			remoteInfo = CordovaLib;
		};
/* End PBXContainerItemProxy section */

/* Begin PBXFileReference section */
		010A79D6196F4F06841E34B5 /* GoogleUtilities.framework */ = {isa = PBXFileReference; explicitFileType = undefined; fileEncoding = 9; includeInIndex = 0; lastKnownFileType = wrapper.framework; name = GoogleUtilities.framework; path = "wisecase_app/Plugins/cordova-plugin-firebase/GoogleUtilities.framework"; sourceTree = "<group>"; };
		0207DA571B56EA530066E2B4 /* Images.xcassets */ = {isa = PBXFileReference; lastKnownFileType = folder.assetcatalog; name = Images.xcassets; path = wisecase_app/Images.xcassets; sourceTree = SOURCE_ROOT; };
		067A496FDA374BFE9BC5611A /* GoogleService-Info.plist */ = {isa = PBXFileReference; explicitFileType = undefined; fileEncoding = 4; includeInIndex = 0; lastKnownFileType = text.plist.xml; path = "GoogleService-Info.plist"; sourceTree = "<group>"; };
		0780D5277EC24F89BCABA94F /* FirebasePlugin.h */ = {isa = PBXFileReference; explicitFileType = undefined; fileEncoding = 4; includeInIndex = 0; lastKnownFileType = sourcecode.c.h; name = FirebasePlugin.h; path = "cordova-plugin-firebase/FirebasePlugin.h"; sourceTree = "<group>"; };
		0BFB059368064F3DBF7C1531 /* CDVLogger.h */ = {isa = PBXFileReference; explicitFileType = undefined; fileEncoding = 4; includeInIndex = 0; lastKnownFileType = sourcecode.c.h; name = CDVLogger.h; path = "cordova-plugin-console/CDVLogger.h"; sourceTree = "<group>"; };
		0FC81C9BF8BA49A8B37967B1 /* NativeStorage.m */ = {isa = PBXFileReference; explicitFileType = undefined; fileEncoding = 4; includeInIndex = 0; lastKnownFileType = sourcecode.c.objc; name = NativeStorage.m; path = "cordova-plugin-nativestorage/NativeStorage.m"; sourceTree = "<group>"; };
		1D3623240D0F684500981E51 /* AppDelegate.h */ = {isa = PBXFileReference; fileEncoding = 4; lastKnownFileType = sourcecode.c.h; path = AppDelegate.h; sourceTree = "<group>"; };
		1D3623250D0F684500981E51 /* AppDelegate.m */ = {isa = PBXFileReference; fileEncoding = 4; lastKnownFileType = sourcecode.c.objc; path = AppDelegate.m; sourceTree = "<group>"; };
		1D6058910D05DD3D006BFB54 /* wisecase_app.app */ = {isa = PBXFileReference; explicitFileType = wrapper.application; includeInIndex = 0; path = wisecase_app.app; sourceTree = BUILT_PRODUCTS_DIR; };
		214FBA553F3C4FF7AABEE529 /* CDVDevice.m */ = {isa = PBXFileReference; explicitFileType = undefined; fileEncoding = 4; includeInIndex = 0; lastKnownFileType = sourcecode.c.objc; name = CDVDevice.m; path = "cordova-plugin-device/CDVDevice.m"; sourceTree = "<group>"; };
		29B97316FDCFA39411CA2CEA /* main.m */ = {isa = PBXFileReference; fileEncoding = 4; lastKnownFileType = sourcecode.c.objc; path = main.m; sourceTree = "<group>"; };
		301BF52D109A57CC0062928A /* CordovaLib.xcodeproj */ = {isa = PBXFileReference; lastKnownFileType = "wrapper.pb-project"; name = CordovaLib.xcodeproj; path = CordovaLib/CordovaLib.xcodeproj; sourceTree = "<group>"; };
		301BF56E109A69640062928A /* www */ = {isa = PBXFileReference; lastKnownFileType = folder; path = www; sourceTree = SOURCE_ROOT; };
		302D95EE14D2391D003F00A1 /* MainViewController.h */ = {isa = PBXFileReference; fileEncoding = 4; lastKnownFileType = sourcecode.c.h; path = MainViewController.h; sourceTree = "<group>"; };
		302D95EF14D2391D003F00A1 /* MainViewController.m */ = {isa = PBXFileReference; fileEncoding = 4; lastKnownFileType = sourcecode.c.objc; path = MainViewController.m; sourceTree = "<group>"; };
		302D95F014D2391D003F00A1 /* MainViewController.xib */ = {isa = PBXFileReference; fileEncoding = 4; lastKnownFileType = file.xib; path = MainViewController.xib; sourceTree = "<group>"; };
		3047A50F1AB8059700498E2A /* build-debug.xcconfig */ = {isa = PBXFileReference; fileEncoding = 4; lastKnownFileType = text.xcconfig; name = "build-debug.xcconfig"; path = "cordova/build-debug.xcconfig"; sourceTree = SOURCE_ROOT; };
		3047A5101AB8059700498E2A /* build-release.xcconfig */ = {isa = PBXFileReference; fileEncoding = 4; lastKnownFileType = text.xcconfig; name = "build-release.xcconfig"; path = "cordova/build-release.xcconfig"; sourceTree = SOURCE_ROOT; };
		3047A5111AB8059700498E2A /* build.xcconfig */ = {isa = PBXFileReference; fileEncoding = 4; lastKnownFileType = text.xcconfig; name = build.xcconfig; path = cordova/build.xcconfig; sourceTree = SOURCE_ROOT; };
		31C16A5CD2804B8186DC43B8 /* GoogleIPhoneUtilities.framework */ = {isa = PBXFileReference; explicitFileType = undefined; fileEncoding = 9; includeInIndex = 0; lastKnownFileType = wrapper.framework; name = GoogleIPhoneUtilities.framework; path = "wisecase_app/Plugins/cordova-plugin-firebase/GoogleIPhoneUtilities.framework"; sourceTree = "<group>"; };
		32CA4F630368D1EE00C91783 /* wisecase_app-Prefix.pch */ = {isa = PBXFileReference; fileEncoding = 4; lastKnownFileType = sourcecode.c.h; path = "wisecase_app-Prefix.pch"; sourceTree = "<group>"; };
		337D9E39D8B548E5A3615789 /* FirebaseInstanceID.framework */ = {isa = PBXFileReference; explicitFileType = undefined; fileEncoding = 9; includeInIndex = 0; lastKnownFileType = wrapper.framework; name = FirebaseInstanceID.framework; path = "wisecase_app/Plugins/cordova-plugin-firebase/FirebaseInstanceID.framework"; sourceTree = "<group>"; };
		3611524D87D34006B3E98E41 /* CDVStatusBar.h */ = {isa = PBXFileReference; explicitFileType = undefined; fileEncoding = 4; includeInIndex = 0; lastKnownFileType = sourcecode.c.h; name = CDVStatusBar.h; path = "cordova-plugin-statusbar/CDVStatusBar.h"; sourceTree = "<group>"; };
		3AC64DBBC7364651A2997275 /* Bolts.framework */ = {isa = PBXFileReference; explicitFileType = undefined; fileEncoding = 9; includeInIndex = 0; lastKnownFileType = wrapper.framework; name = Bolts.framework; path = "wisecase_app/Plugins/cordova-plugin-facebook4/Bolts.framework"; sourceTree = "<group>"; };
		46E90F04FE3F493E80429494 /* FirebasePlugin.m */ = {isa = PBXFileReference; explicitFileType = undefined; fileEncoding = 4; includeInIndex = 0; lastKnownFileType = sourcecode.c.objc; name = FirebasePlugin.m; path = "cordova-plugin-firebase/FirebasePlugin.m"; sourceTree = "<group>"; };
		60252501783941C98874D0D7 /* GoogleSymbolUtilities.framework */ = {isa = PBXFileReference; explicitFileType = undefined; fileEncoding = 9; includeInIndex = 0; lastKnownFileType = wrapper.framework; name = GoogleSymbolUtilities.framework; path = "wisecase_app/Plugins/cordova-plugin-firebase/GoogleSymbolUtilities.framework"; sourceTree = "<group>"; };
		6301F0A390E44EC9967ED304 /* FirebaseMessaging.framework */ = {isa = PBXFileReference; explicitFileType = undefined; fileEncoding = 9; includeInIndex = 0; lastKnownFileType = wrapper.framework; name = FirebaseMessaging.framework; path = "wisecase_app/Plugins/cordova-plugin-firebase/FirebaseMessaging.framework"; sourceTree = "<group>"; };
		64C35B13EA714726B1013834 /* CDVViewController+SplashScreen.h */ = {isa = PBXFileReference; explicitFileType = undefined; fileEncoding = 4; includeInIndex = 0; lastKnownFileType = sourcecode.c.h; name = "CDVViewController+SplashScreen.h"; path = "cordova-plugin-splashscreen/CDVViewController+SplashScreen.h"; sourceTree = "<group>"; };
		68D0A8572E1A4C4D85ACE390 /* FacebookConnectPlugin.h */ = {isa = PBXFileReference; explicitFileType = undefined; fileEncoding = 4; includeInIndex = 0; lastKnownFileType = sourcecode.c.h; name = FacebookConnectPlugin.h; path = "cordova-plugin-facebook4/FacebookConnectPlugin.h"; sourceTree = "<group>"; };
		691832B881904B259B4D2C55 /* AppDelegate+FirebasePlugin.h */ = {isa = PBXFileReference; explicitFileType = undefined; fileEncoding = 4; includeInIndex = 0; lastKnownFileType = sourcecode.c.h; name = "AppDelegate+FirebasePlugin.h"; path = "cordova-plugin-firebase/AppDelegate+FirebasePlugin.h"; sourceTree = "<group>"; };
		704E1936D3F84326AEE74AD7 /* CDVSplashScreen.m */ = {isa = PBXFileReference; explicitFileType = undefined; fileEncoding = 4; includeInIndex = 0; lastKnownFileType = sourcecode.c.objc; name = CDVSplashScreen.m; path = "cordova-plugin-splashscreen/CDVSplashScreen.m"; sourceTree = "<group>"; };
		8CD806FE4DCF412A86DC1AA0 /* Sms.h */ = {isa = PBXFileReference; explicitFileType = undefined; fileEncoding = 4; includeInIndex = 0; lastKnownFileType = sourcecode.c.h; name = Sms.h; path = "cordova-sms-plugin/Sms.h"; sourceTree = "<group>"; };
		8D1107310486CEB800E47090 /* wisecase_app-Info.plist */ = {isa = PBXFileReference; fileEncoding = 4; lastKnownFileType = text.plist.xml; name = "wisecase_app-Info.plist"; path = "wisecase_app/wisecase_app-Info.plist"; plistStructureDefinitionIdentifier = "com.apple.xcode.plist.structure-definition.iphone.info-plist"; sourceTree = SOURCE_ROOT; };
		92D1F1EF5B8D440F9D544B00 /* CDVStatusBar.m */ = {isa = PBXFileReference; explicitFileType = undefined; fileEncoding = 4; includeInIndex = 0; lastKnownFileType = sourcecode.c.objc; name = CDVStatusBar.m; path = "cordova-plugin-statusbar/CDVStatusBar.m"; sourceTree = "<group>"; };
		93622BC240F74DF096CAF173 /* AppDelegate+FirebasePlugin.m */ = {isa = PBXFileReference; explicitFileType = undefined; fileEncoding = 4; includeInIndex = 0; lastKnownFileType = sourcecode.c.objc; name = "AppDelegate+FirebasePlugin.m"; path = "cordova-plugin-firebase/AppDelegate+FirebasePlugin.m"; sourceTree = "<group>"; };
		978DC46441704D39978B64B4 /* FacebookConnectPlugin.m */ = {isa = PBXFileReference; explicitFileType = undefined; fileEncoding = 4; includeInIndex = 0; lastKnownFileType = sourcecode.c.objc; name = FacebookConnectPlugin.m; path = "cordova-plugin-facebook4/FacebookConnectPlugin.m"; sourceTree = "<group>"; };
		A1C84311B1FD4F68A62ABA67 /* NativeStorage.h */ = {isa = PBXFileReference; explicitFileType = undefined; fileEncoding = 4; includeInIndex = 0; lastKnownFileType = sourcecode.c.h; name = NativeStorage.h; path = "cordova-plugin-nativestorage/NativeStorage.h"; sourceTree = "<group>"; };
		A54E8946AD8F44B58DB9BE0D /* FirebaseCrash.framework */ = {isa = PBXFileReference; explicitFileType = undefined; fileEncoding = 9; includeInIndex = 0; lastKnownFileType = wrapper.framework; name = FirebaseCrash.framework; path = "wisecase_app/Plugins/cordova-plugin-firebase/FirebaseCrash.framework"; sourceTree = "<group>"; };
		ABCDB63B24264FC68A040E7C /* FBSDKShareKit.framework */ = {isa = PBXFileReference; explicitFileType = undefined; fileEncoding = 9; includeInIndex = 0; lastKnownFileType = wrapper.framework; name = FBSDKShareKit.framework; path = "wisecase_app/Plugins/cordova-plugin-facebook4/FBSDKShareKit.framework"; sourceTree = "<group>"; };
		AC4802D8112D411CB3B3499A /* CDVLogger.m */ = {isa = PBXFileReference; explicitFileType = undefined; fileEncoding = 4; includeInIndex = 0; lastKnownFileType = sourcecode.c.objc; name = CDVLogger.m; path = "cordova-plugin-console/CDVLogger.m"; sourceTree = "<group>"; };
		ADFEE236FAC248C9B06DBEA4 /* Sms.m */ = {isa = PBXFileReference; explicitFileType = undefined; fileEncoding = 4; includeInIndex = 0; lastKnownFileType = sourcecode.c.objc; name = Sms.m; path = "cordova-sms-plugin/Sms.m"; sourceTree = "<group>"; };
		AE56731875044A8587D1B850 /* FBSDKCoreKit.framework */ = {isa = PBXFileReference; explicitFileType = undefined; fileEncoding = 9; includeInIndex = 0; lastKnownFileType = wrapper.framework; name = FBSDKCoreKit.framework; path = "wisecase_app/Plugins/cordova-plugin-facebook4/FBSDKCoreKit.framework"; sourceTree = "<group>"; };
		AE8FC33E5C9A4496A0D8E7EF /* Firebase.h */ = {isa = PBXFileReference; explicitFileType = undefined; fileEncoding = 4; includeInIndex = 0; lastKnownFileType = sourcecode.c.h; name = Firebase.h; path = "cordova-plugin-firebase/Firebase.h"; sourceTree = "<group>"; };
		B1A21FB8FF044C198EEAB6E3 /* FirebaseRemoteConfig.framework */ = {isa = PBXFileReference; explicitFileType = undefined; fileEncoding = 9; includeInIndex = 0; lastKnownFileType = wrapper.framework; name = FirebaseRemoteConfig.framework; path = "wisecase_app/Plugins/cordova-plugin-firebase/FirebaseRemoteConfig.framework"; sourceTree = "<group>"; };
		BD358572FE8849EA999087AE /* GoogleInterchangeUtilities.framework */ = {isa = PBXFileReference; explicitFileType = undefined; fileEncoding = 9; includeInIndex = 0; lastKnownFileType = wrapper.framework; name = GoogleInterchangeUtilities.framework; path = "wisecase_app/Plugins/cordova-plugin-firebase/GoogleInterchangeUtilities.framework"; sourceTree = "<group>"; };
		C95609A44E9140148AFAB475 /* IonicKeyboard.m */ = {isa = PBXFileReference; explicitFileType = undefined; fileEncoding = 4; includeInIndex = 0; lastKnownFileType = sourcecode.c.objc; name = IonicKeyboard.m; path = "ionic-plugin-keyboard/IonicKeyboard.m"; sourceTree = "<group>"; };
		D84048DF286E4BBCA1828AB0 /* CDVDevice.h */ = {isa = PBXFileReference; explicitFileType = undefined; fileEncoding = 4; includeInIndex = 0; lastKnownFileType = sourcecode.c.h; name = CDVDevice.h; path = "cordova-plugin-device/CDVDevice.h"; sourceTree = "<group>"; };
		DCA7DA22B006463DA5C91D92 /* FirebaseAnalytics.framework */ = {isa = PBXFileReference; explicitFileType = undefined; fileEncoding = 9; includeInIndex = 0; lastKnownFileType = wrapper.framework; name = FirebaseAnalytics.framework; path = "wisecase_app/Plugins/cordova-plugin-firebase/FirebaseAnalytics.framework"; sourceTree = "<group>"; };
		E0AE13DDB2BE44B9A95C9FE8 /* CDVViewController+SplashScreen.m */ = {isa = PBXFileReference; explicitFileType = undefined; fileEncoding = 4; includeInIndex = 0; lastKnownFileType = sourcecode.c.objc; name = "CDVViewController+SplashScreen.m"; path = "cordova-plugin-splashscreen/CDVViewController+SplashScreen.m"; sourceTree = "<group>"; };
		E4A02478C24C416487F1A6BF /* CDVSplashScreen.h */ = {isa = PBXFileReference; explicitFileType = undefined; fileEncoding = 4; includeInIndex = 0; lastKnownFileType = sourcecode.c.h; name = CDVSplashScreen.h; path = "cordova-plugin-splashscreen/CDVSplashScreen.h"; sourceTree = "<group>"; };
		E4B72AD6C6E448129301357F /* MessageUI.framework */ = {isa = PBXFileReference; explicitFileType = undefined; fileEncoding = 9; includeInIndex = 0; lastKnownFileType = wrapper.framework; name = MessageUI.framework; path = System/Library/Frameworks/MessageUI.framework; sourceTree = SDKROOT; };
		EB87FDF31871DA8E0020F90C /* www */ = {isa = PBXFileReference; lastKnownFileType = folder; name = www; path = ../../www; sourceTree = "<group>"; };
		EB87FDF41871DAF40020F90C /* config.xml */ = {isa = PBXFileReference; lastKnownFileType = text.xml; name = config.xml; path = ../../config.xml; sourceTree = "<group>"; };
		ECBF8A90AED947E4BECF5FCE /* IonicKeyboard.h */ = {isa = PBXFileReference; explicitFileType = undefined; fileEncoding = 4; includeInIndex = 0; lastKnownFileType = sourcecode.c.h; name = IonicKeyboard.h; path = "ionic-plugin-keyboard/IonicKeyboard.h"; sourceTree = "<group>"; };
		ED33DF2A687741AEAF9F8254 /* Bridging-Header.h */ = {isa = PBXFileReference; fileEncoding = 4; lastKnownFileType = sourcecode.c.h; path = "Bridging-Header.h"; sourceTree = "<group>"; };
		F840E1F0165FE0F500CFE078 /* config.xml */ = {isa = PBXFileReference; lastKnownFileType = text.xml; name = config.xml; path = wisecase_app/config.xml; sourceTree = "<group>"; };
		FA9EA6F7ABFD44F3B40EBCFB /* FBSDKLoginKit.framework */ = {isa = PBXFileReference; explicitFileType = undefined; fileEncoding = 9; includeInIndex = 0; lastKnownFileType = wrapper.framework; name = FBSDKLoginKit.framework; path = "wisecase_app/Plugins/cordova-plugin-facebook4/FBSDKLoginKit.framework"; sourceTree = "<group>"; };
		FD2872432F61485A9E5BF35E /* FirebaseCore.framework */ = {isa = PBXFileReference; explicitFileType = undefined; fileEncoding = 9; includeInIndex = 0; lastKnownFileType = wrapper.framework; name = FirebaseCore.framework; path = "wisecase_app/Plugins/cordova-plugin-firebase/FirebaseCore.framework"; sourceTree = "<group>"; };
/* End PBXFileReference section */

/* Begin PBXFrameworksBuildPhase section */
		1D60588F0D05DD3D006BFB54 /* Frameworks */ = {
			isa = PBXFrameworksBuildPhase;
			buildActionMask = 2147483647;
			files = (
				301BF552109A68D80062928A /* libCordova.a in Frameworks */,
				E36CC6A68E21447D98872210 /* MessageUI.framework in Frameworks */,
				AFC914F9A29249EBA530F44F /* Bolts.framework in Frameworks */,
				49EB645D93EE48939C7DED3D /* FBSDKCoreKit.framework in Frameworks */,
				205CB1A4319D4C0A8EEBCAB8 /* FBSDKLoginKit.framework in Frameworks */,
				98DCED74F42C4AC1BFB95BFF /* FBSDKShareKit.framework in Frameworks */,
				D2981DE8F6A74D4294EB14C6 /* FirebaseAnalytics.framework in Frameworks */,
				E597F81170284946AA99AB7C /* FirebaseCore.framework in Frameworks */,
				87512DA02B7E4E7BBBAF59D1 /* FirebaseInstanceID.framework in Frameworks */,
				8BF3AFD1DCE442A58F54CBA0 /* GoogleInterchangeUtilities.framework in Frameworks */,
				4BADE34D4EF047E8A51DCA67 /* GoogleSymbolUtilities.framework in Frameworks */,
				F62AF8E4AEBA4CB88274A8CE /* GoogleUtilities.framework in Frameworks */,
				8E60EAA169EA45C2AE871D74 /* FirebaseMessaging.framework in Frameworks */,
				4799E1D10B714823B192540C /* GoogleIPhoneUtilities.framework in Frameworks */,
				E8BFCF5077A04AC48D24A4CC /* FirebaseCrash.framework in Frameworks */,
				C324C62890F041F29C3494C0 /* FirebaseRemoteConfig.framework in Frameworks */,
			);
			runOnlyForDeploymentPostprocessing = 0;
		};
/* End PBXFrameworksBuildPhase section */

/* Begin PBXGroup section */
		080E96DDFE201D6D7F000001 /* Classes */ = {
			isa = PBXGroup;
			children = (
				302D95EE14D2391D003F00A1 /* MainViewController.h */,
				302D95EF14D2391D003F00A1 /* MainViewController.m */,
				302D95F014D2391D003F00A1 /* MainViewController.xib */,
				1D3623240D0F684500981E51 /* AppDelegate.h */,
				1D3623250D0F684500981E51 /* AppDelegate.m */,
			);
			name = Classes;
			path = wisecase_app/Classes;
			sourceTree = SOURCE_ROOT;
		};
		19C28FACFE9D520D11CA2CBB /* Products */ = {
			isa = PBXGroup;
			children = (
				1D6058910D05DD3D006BFB54 /* wisecase_app.app */,
			);
			name = Products;
			sourceTree = "<group>";
		};
		29B97314FDCFA39411CA2CEA /* CustomTemplate */ = {
			isa = PBXGroup;
			children = (
				EB87FDF41871DAF40020F90C /* config.xml */,
				EB87FDF31871DA8E0020F90C /* www */,
				EB87FDF11871DA420020F90C /* Staging */,
				301BF52D109A57CC0062928A /* CordovaLib.xcodeproj */,
				080E96DDFE201D6D7F000001 /* Classes */,
				307C750510C5A3420062BCA9 /* Plugins */,
				29B97315FDCFA39411CA2CEA /* Other Sources */,
				29B97317FDCFA39411CA2CEA /* Resources */,
				29B97323FDCFA39411CA2CEA /* Frameworks */,
				19C28FACFE9D520D11CA2CBB /* Products */,
			);
			name = CustomTemplate;
			sourceTree = "<group>";
		};
		29B97315FDCFA39411CA2CEA /* Other Sources */ = {
			isa = PBXGroup;
			children = (
				32CA4F630368D1EE00C91783 /* wisecase_app-Prefix.pch */,
				29B97316FDCFA39411CA2CEA /* main.m */,
				ED33DF2A687741AEAF9F8254 /* Bridging-Header.h */,
			);
			name = "Other Sources";
			path = wisecase_app;
			sourceTree = "<group>";
		};
		29B97317FDCFA39411CA2CEA /* Resources */ = {
			isa = PBXGroup;
			children = (
				0207DA571B56EA530066E2B4 /* Images.xcassets */,
				3047A50E1AB8057F00498E2A /* config */,
				8D1107310486CEB800E47090 /* wisecase_app-Info.plist */,
				067A496FDA374BFE9BC5611A /* GoogleService-Info.plist */,
			);
			name = Resources;
			path = wisecase_app/Resources;
			sourceTree = "<group>";
		};
		29B97323FDCFA39411CA2CEA /* Frameworks */ = {
			isa = PBXGroup;
			children = (
				E4B72AD6C6E448129301357F /* MessageUI.framework */,
				3AC64DBBC7364651A2997275 /* Bolts.framework */,
				AE56731875044A8587D1B850 /* FBSDKCoreKit.framework */,
				FA9EA6F7ABFD44F3B40EBCFB /* FBSDKLoginKit.framework */,
				ABCDB63B24264FC68A040E7C /* FBSDKShareKit.framework */,
				DCA7DA22B006463DA5C91D92 /* FirebaseAnalytics.framework */,
				FD2872432F61485A9E5BF35E /* FirebaseCore.framework */,
				337D9E39D8B548E5A3615789 /* FirebaseInstanceID.framework */,
				BD358572FE8849EA999087AE /* GoogleInterchangeUtilities.framework */,
				60252501783941C98874D0D7 /* GoogleSymbolUtilities.framework */,
				010A79D6196F4F06841E34B5 /* GoogleUtilities.framework */,
				6301F0A390E44EC9967ED304 /* FirebaseMessaging.framework */,
				31C16A5CD2804B8186DC43B8 /* GoogleIPhoneUtilities.framework */,
				A54E8946AD8F44B58DB9BE0D /* FirebaseCrash.framework */,
				B1A21FB8FF044C198EEAB6E3 /* FirebaseRemoteConfig.framework */,
			);
			name = Frameworks;
			sourceTree = "<group>";
		};
		301BF52E109A57CC0062928A /* Products */ = {
			isa = PBXGroup;
			children = (
				301BF535109A57CC0062928A /* libCordova.a */,
			);
			name = Products;
			sourceTree = "<group>";
		};
		3047A50E1AB8057F00498E2A /* config */ = {
			isa = PBXGroup;
			children = (
				3047A50F1AB8059700498E2A /* build-debug.xcconfig */,
				3047A5101AB8059700498E2A /* build-release.xcconfig */,
				3047A5111AB8059700498E2A /* build.xcconfig */,
			);
			name = config;
			sourceTree = "<group>";
		};
		307C750510C5A3420062BCA9 /* Plugins */ = {
			isa = PBXGroup;
			children = (
				AC4802D8112D411CB3B3499A /* CDVLogger.m */,
				0BFB059368064F3DBF7C1531 /* CDVLogger.h */,
				214FBA553F3C4FF7AABEE529 /* CDVDevice.m */,
				D84048DF286E4BBCA1828AB0 /* CDVDevice.h */,
				978DC46441704D39978B64B4 /* FacebookConnectPlugin.m */,
				68D0A8572E1A4C4D85ACE390 /* FacebookConnectPlugin.h */,
				93622BC240F74DF096CAF173 /* AppDelegate+FirebasePlugin.m */,
				46E90F04FE3F493E80429494 /* FirebasePlugin.m */,
				691832B881904B259B4D2C55 /* AppDelegate+FirebasePlugin.h */,
				0780D5277EC24F89BCABA94F /* FirebasePlugin.h */,
				AE8FC33E5C9A4496A0D8E7EF /* Firebase.h */,
				0FC81C9BF8BA49A8B37967B1 /* NativeStorage.m */,
				A1C84311B1FD4F68A62ABA67 /* NativeStorage.h */,
				704E1936D3F84326AEE74AD7 /* CDVSplashScreen.m */,
				E0AE13DDB2BE44B9A95C9FE8 /* CDVViewController+SplashScreen.m */,
				E4A02478C24C416487F1A6BF /* CDVSplashScreen.h */,
				64C35B13EA714726B1013834 /* CDVViewController+SplashScreen.h */,
				92D1F1EF5B8D440F9D544B00 /* CDVStatusBar.m */,
				3611524D87D34006B3E98E41 /* CDVStatusBar.h */,
				ADFEE236FAC248C9B06DBEA4 /* Sms.m */,
				8CD806FE4DCF412A86DC1AA0 /* Sms.h */,
				C95609A44E9140148AFAB475 /* IonicKeyboard.m */,
				ECBF8A90AED947E4BECF5FCE /* IonicKeyboard.h */,
			);
			name = Plugins;
			path = wisecase_app/Plugins;
			sourceTree = SOURCE_ROOT;
		};
		EB87FDF11871DA420020F90C /* Staging */ = {
			isa = PBXGroup;
			children = (
				F840E1F0165FE0F500CFE078 /* config.xml */,
				301BF56E109A69640062928A /* www */,
			);
			name = Staging;
			sourceTree = "<group>";
		};
/* End PBXGroup section */

/* Begin PBXNativeTarget section */
		1D6058900D05DD3D006BFB54 /* wisecase_app */ = {
			isa = PBXNativeTarget;
			buildConfigurationList = 1D6058960D05DD3E006BFB54 /* Build configuration list for PBXNativeTarget "wisecase_app" */;
			buildPhases = (
				304B58A110DAC018002A0835 /* Copy www directory */,
				1D60588D0D05DD3D006BFB54 /* Resources */,
				1D60588E0D05DD3D006BFB54 /* Sources */,
				1D60588F0D05DD3D006BFB54 /* Frameworks */,
			);
			buildRules = (
			);
			dependencies = (
				301BF551109A68C00062928A /* PBXTargetDependency */,
			);
			name = wisecase_app;
			productName = wisecase_app;
			productReference = 1D6058910D05DD3D006BFB54 /* wisecase_app.app */;
			productType = "com.apple.product-type.application";
		};
/* End PBXNativeTarget section */

/* Begin PBXProject section */
		29B97313FDCFA39411CA2CEA /* Project object */ = {
			isa = PBXProject;
			attributes = {
				LastUpgradeCheck = 0820;
				TargetAttributes = {
					1D6058900D05DD3D006BFB54 = {
						DevelopmentTeam = 3XBP8J6H3H;
					};
				};
			};
			buildConfigurationList = C01FCF4E08A954540054247B /* Build configuration list for PBXProject "wisecase_app" */;
			compatibilityVersion = "Xcode 3.2";
			developmentRegion = English;
			hasScannedForEncodings = 1;
			knownRegions = (
				en,
			);
			mainGroup = 29B97314FDCFA39411CA2CEA /* CustomTemplate */;
			projectDirPath = "";
			projectReferences = (
				{
					ProductGroup = 301BF52E109A57CC0062928A /* Products */;
					ProjectRef = 301BF52D109A57CC0062928A /* CordovaLib.xcodeproj */;
				},
			);
			projectRoot = "";
			targets = (
				1D6058900D05DD3D006BFB54 /* wisecase_app */,
			);
		};
/* End PBXProject section */

/* Begin PBXReferenceProxy section */
		301BF535109A57CC0062928A /* libCordova.a */ = {
			isa = PBXReferenceProxy;
			fileType = archive.ar;
			path = libCordova.a;
			remoteRef = 301BF534109A57CC0062928A /* PBXContainerItemProxy */;
			sourceTree = BUILT_PRODUCTS_DIR;
		};
/* End PBXReferenceProxy section */

/* Begin PBXResourcesBuildPhase section */
		1D60588D0D05DD3D006BFB54 /* Resources */ = {
			isa = PBXResourcesBuildPhase;
			buildActionMask = 2147483647;
			files = (
				302D95F214D2391D003F00A1 /* MainViewController.xib in Resources */,
				0207DA581B56EA530066E2B4 /* Images.xcassets in Resources */,
				3AC1D1EAA96A4899A2D1B9B2 /* GoogleService-Info.plist in Resources */,
			);
			runOnlyForDeploymentPostprocessing = 0;
		};
/* End PBXResourcesBuildPhase section */

/* Begin PBXShellScriptBuildPhase section */
		304B58A110DAC018002A0835 /* Copy www directory */ = {
			isa = PBXShellScriptBuildPhase;
			buildActionMask = 2147483647;
			files = (
			);
			inputPaths = (
			);
			name = "Copy www directory";
			outputPaths = (
			);
			runOnlyForDeploymentPostprocessing = 0;
			shellPath = /bin/sh;
			shellScript = "NODEJS_PATH=/usr/local/bin; NVM_NODE_PATH=~/.nvm/versions/node/`nvm version 2>/dev/null`/bin; N_NODE_PATH=`find /usr/local/n/versions/node/* -maxdepth 0 -type d 2>/dev/null | tail -1`/bin; XCODE_NODE_PATH=`xcode-select --print-path`/usr/share/xcs/Node/bin; PATH=$NODEJS_PATH:$NVM_NODE_PATH:$N_NODE_PATH:$XCODE_NODE_PATH:$PATH && node cordova/lib/copy-www-build-step.js";
			showEnvVarsInLog = 0;
		};
/* End PBXShellScriptBuildPhase section */

/* Begin PBXSourcesBuildPhase section */
		1D60588E0D05DD3D006BFB54 /* Sources */ = {
			isa = PBXSourcesBuildPhase;
			buildActionMask = 2147483647;
			files = (
				1D60589B0D05DD56006BFB54 /* main.m in Sources */,
				1D3623260D0F684500981E51 /* AppDelegate.m in Sources */,
				302D95F114D2391D003F00A1 /* MainViewController.m in Sources */,
				CC4CDB8C3DB5465192B2F98B /* CDVLogger.m in Sources */,
				E8DE82779612486CB1E97D88 /* CDVDevice.m in Sources */,
				0257A893436C456C9546009C /* FacebookConnectPlugin.m in Sources */,
				527F95F367994CF38CC36E1B /* AppDelegate+FirebasePlugin.m in Sources */,
				B27B07FF7A164E74AFA468CF /* FirebasePlugin.m in Sources */,
				00D648DFAF8242288A518F17 /* NativeStorage.m in Sources */,
				E0D8C9A936734F42ABFDA79A /* CDVSplashScreen.m in Sources */,
				80FD83190C8B4DACBF7CBE06 /* CDVViewController+SplashScreen.m in Sources */,
				A4A2F06C437B4E1FBED3495D /* CDVStatusBar.m in Sources */,
				2F0BA6F6E4B5415EBE5FFCFD /* Sms.m in Sources */,
				A769893D51214286AE411A23 /* IonicKeyboard.m in Sources */,
			);
			runOnlyForDeploymentPostprocessing = 0;
		};
/* End PBXSourcesBuildPhase section */

/* Begin PBXTargetDependency section */
		301BF551109A68C00062928A /* PBXTargetDependency */ = {
			isa = PBXTargetDependency;
			name = CordovaLib;
			targetProxy = 301BF550109A68C00062928A /* PBXContainerItemProxy */;
		};
/* End PBXTargetDependency section */

/* Begin XCBuildConfiguration section */
		1D6058940D05DD3E006BFB54 /* Debug */ = {
			isa = XCBuildConfiguration;
			baseConfigurationReference = 3047A50F1AB8059700498E2A /* build-debug.xcconfig */;
			buildSettings = {
				ALWAYS_SEARCH_USER_PATHS = NO;
				ASSETCATALOG_COMPILER_APPICON_NAME = AppIcon;
				ASSETCATALOG_COMPILER_LAUNCHIMAGE_NAME = LaunchImage;
				CLANG_ENABLE_MODULES = YES;
				CLANG_ENABLE_OBJC_ARC = YES;
				COPY_PHASE_STRIP = NO;
				DEVELOPMENT_TEAM = 3XBP8J6H3H;
				FRAMEWORK_SEARCH_PATHS = (
					"$(inherited)",
					"\"wisecase_app/Plugins/cordova-plugin-facebook4\"",
					"\"wisecase_app/Plugins/cordova-plugin-facebook4\"",
					"\"wisecase_app/Plugins/cordova-plugin-facebook4\"",
					"\"wisecase_app/Plugins/cordova-plugin-facebook4\"",
					"\"wisecase_app/Plugins/cordova-plugin-firebase\"",
					"\"wisecase_app/Plugins/cordova-plugin-firebase\"",
					"\"wisecase_app/Plugins/cordova-plugin-firebase\"",
					"\"wisecase_app/Plugins/cordova-plugin-firebase\"",
					"\"wisecase_app/Plugins/cordova-plugin-firebase\"",
					"\"wisecase_app/Plugins/cordova-plugin-firebase\"",
					"\"wisecase_app/Plugins/cordova-plugin-firebase\"",
					"\"wisecase_app/Plugins/cordova-plugin-firebase\"",
					"\"wisecase_app/Plugins/cordova-plugin-firebase\"",
					"\"wisecase_app/Plugins/cordova-plugin-firebase\"",
				);
				GCC_DYNAMIC_NO_PIC = NO;
				GCC_OPTIMIZATION_LEVEL = 0;
				GCC_PRECOMPILE_PREFIX_HEADER = YES;
				GCC_PREFIX_HEADER = "wisecase_app/wisecase_app-Prefix.pch";
				GCC_THUMB_SUPPORT = NO;
				GCC_VERSION = "";
				INFOPLIST_FILE = "wisecase_app/wisecase_app-Info.plist";
				LD_RUNPATH_SEARCH_PATHS = "@executable_path/Frameworks";
				PRODUCT_BUNDLE_IDENTIFIER = com.ionicframework.app253650;
				PRODUCT_NAME = wisecase_app;
			};
			name = Debug;
		};
		1D6058950D05DD3E006BFB54 /* Release */ = {
			isa = XCBuildConfiguration;
			baseConfigurationReference = 3047A5101AB8059700498E2A /* build-release.xcconfig */;
			buildSettings = {
				ALWAYS_SEARCH_USER_PATHS = NO;
				ASSETCATALOG_COMPILER_APPICON_NAME = AppIcon;
				ASSETCATALOG_COMPILER_LAUNCHIMAGE_NAME = LaunchImage;
				CLANG_ENABLE_MODULES = YES;
				CLANG_ENABLE_OBJC_ARC = YES;
				COPY_PHASE_STRIP = YES;
				DEVELOPMENT_TEAM = 3XBP8J6H3H;
				FRAMEWORK_SEARCH_PATHS = (
					"$(inherited)",
					"\"wisecase_app/Plugins/cordova-plugin-facebook4\"",
					"\"wisecase_app/Plugins/cordova-plugin-facebook4\"",
					"\"wisecase_app/Plugins/cordova-plugin-facebook4\"",
					"\"wisecase_app/Plugins/cordova-plugin-facebook4\"",
					"\"wisecase_app/Plugins/cordova-plugin-firebase\"",
					"\"wisecase_app/Plugins/cordova-plugin-firebase\"",
					"\"wisecase_app/Plugins/cordova-plugin-firebase\"",
					"\"wisecase_app/Plugins/cordova-plugin-firebase\"",
					"\"wisecase_app/Plugins/cordova-plugin-firebase\"",
					"\"wisecase_app/Plugins/cordova-plugin-firebase\"",
					"\"wisecase_app/Plugins/cordova-plugin-firebase\"",
					"\"wisecase_app/Plugins/cordova-plugin-firebase\"",
					"\"wisecase_app/Plugins/cordova-plugin-firebase\"",
					"\"wisecase_app/Plugins/cordova-plugin-firebase\"",
				);
				GCC_PRECOMPILE_PREFIX_HEADER = YES;
				GCC_PREFIX_HEADER = "wisecase_app/wisecase_app-Prefix.pch";
				GCC_THUMB_SUPPORT = NO;
				GCC_VERSION = "";
				INFOPLIST_FILE = "wisecase_app/wisecase_app-Info.plist";
				PRODUCT_BUNDLE_IDENTIFIER = com.ionicframework.app253650;
				PRODUCT_NAME = wisecase_app;
			};
			name = Release;
		};
		C01FCF4F08A954540054247B /* Debug */ = {
			isa = XCBuildConfiguration;
			baseConfigurationReference = 3047A5111AB8059700498E2A /* build.xcconfig */;
			buildSettings = {
				CLANG_ENABLE_MODULES = YES;
				CLANG_ENABLE_OBJC_ARC = YES;
				CLANG_WARN_BOOL_CONVERSION = YES;
				CLANG_WARN_CONSTANT_CONVERSION = YES;
				CLANG_WARN_EMPTY_BODY = YES;
				CLANG_WARN_ENUM_CONVERSION = YES;
				CLANG_WARN_INFINITE_RECURSION = YES;
				CLANG_WARN_INT_CONVERSION = YES;
				CLANG_WARN_SUSPICIOUS_MOVE = YES;
				CLANG_WARN_UNREACHABLE_CODE = YES;
				CLANG_WARN__DUPLICATE_METHOD_MATCH = YES;
				ENABLE_STRICT_OBJC_MSGSEND = YES;
				ENABLE_TESTABILITY = YES;
				GCC_C_LANGUAGE_STANDARD = c99;
				GCC_NO_COMMON_BLOCKS = YES;
				GCC_THUMB_SUPPORT = NO;
				GCC_VERSION = "";
				GCC_WARN_64_TO_32_BIT_CONVERSION = YES;
				GCC_WARN_ABOUT_RETURN_TYPE = YES;
				GCC_WARN_UNDECLARED_SELECTOR = YES;
				GCC_WARN_UNINITIALIZED_AUTOS = YES;
				GCC_WARN_UNUSED_FUNCTION = YES;
				GCC_WARN_UNUSED_VARIABLE = YES;
				ONLY_ACTIVE_ARCH = YES;
				SDKROOT = iphoneos;
				SKIP_INSTALL = NO;
			};
			name = Debug;
		};
		C01FCF5008A954540054247B /* Release */ = {
			isa = XCBuildConfiguration;
			baseConfigurationReference = 3047A5111AB8059700498E2A /* build.xcconfig */;
			buildSettings = {
				CLANG_ENABLE_MODULES = YES;
				CLANG_ENABLE_OBJC_ARC = YES;
				CLANG_WARN_BOOL_CONVERSION = YES;
				CLANG_WARN_CONSTANT_CONVERSION = YES;
				CLANG_WARN_EMPTY_BODY = YES;
				CLANG_WARN_ENUM_CONVERSION = YES;
				CLANG_WARN_INFINITE_RECURSION = YES;
				CLANG_WARN_INT_CONVERSION = YES;
				CLANG_WARN_SUSPICIOUS_MOVE = YES;
				CLANG_WARN_UNREACHABLE_CODE = YES;
				CLANG_WARN__DUPLICATE_METHOD_MATCH = YES;
				ENABLE_STRICT_OBJC_MSGSEND = YES;
				GCC_C_LANGUAGE_STANDARD = c99;
				GCC_NO_COMMON_BLOCKS = YES;
				GCC_THUMB_SUPPORT = NO;
				GCC_VERSION = "";
				GCC_WARN_64_TO_32_BIT_CONVERSION = YES;
				GCC_WARN_ABOUT_RETURN_TYPE = YES;
				GCC_WARN_UNDECLARED_SELECTOR = YES;
				GCC_WARN_UNINITIALIZED_AUTOS = YES;
				GCC_WARN_UNUSED_FUNCTION = YES;
				GCC_WARN_UNUSED_VARIABLE = YES;
				SDKROOT = iphoneos;
				SKIP_INSTALL = NO;
			};
			name = Release;
		};
/* End XCBuildConfiguration section */

/* Begin XCConfigurationList section */
		1D6058960D05DD3E006BFB54 /* Build configuration list for PBXNativeTarget "wisecase_app" */ = {
			isa = XCConfigurationList;
			buildConfigurations = (
				1D6058940D05DD3E006BFB54 /* Debug */,
				1D6058950D05DD3E006BFB54 /* Release */,
			);
			defaultConfigurationIsVisible = 0;
			defaultConfigurationName = Release;
		};
		C01FCF4E08A954540054247B /* Build configuration list for PBXProject "wisecase_app" */ = {
			isa = XCConfigurationList;
			buildConfigurations = (
				C01FCF4F08A954540054247B /* Debug */,
				C01FCF5008A954540054247B /* Release */,
			);
			defaultConfigurationIsVisible = 0;
			defaultConfigurationName = Release;
		};
/* End XCConfigurationList section */
	};
	rootObject = 29B97313FDCFA39411CA2CEA /* Project object */;
}
